
Microsoft Visual Studio Solution File, Format Version 12.00
# Visual Studio Version 16
VisualStudioVersion = 16.0.30523.141
MinimumVisualStudioVersion = 10.0.40219.1
Project("{9A19103F-16F7-4668-BE54-9A1E7A4F7556}") = "ORMDemo", "ORMDemo\ORMDemo.csproj", "{07DB8B31-FB27-4CFF-99EB-70D280856F1E}"
EndProject
Project("{FAE04EC0-301F-11D3-BF4B-00C04F79EFBC}") = "University.Domain", "University.Domain\University.Domain.csproj", "{82F1EF1A-FD9E-4775-8314-18B0B6ECE560}"
EndProject
Project("{FAE04EC0-301F-11D3-BF4B-00C04F79EFBC}") = "University.NH", "University.NH\University.NH.csproj", "{751D52E1-0D84-4BA3-9810-94F43326BA9C}"
EndProject
Project("{FAE04EC0-301F-11D3-BF4B-00C04F79EFBC}") = "Infrastructure", "Infrastructure\Infrastructure.csproj", "{259623EA-6BC1-4EA2-84B8-BB0ADDC6B742}"
EndProject
Global
	GlobalSection(SolutionConfigurationPlatforms) = preSolution
		Debug|Any CPU = Debug|Any CPU
		Release|Any CPU = Release|Any CPU
	EndGlobalSection
	GlobalSection(ProjectConfigurationPlatforms) = postSolution
		{07DB8B31-FB27-4CFF-99EB-70D280856F1E}.Debug|Any CPU.ActiveCfg = Debug|Any CPU
		{07DB8B31-FB27-4CFF-99EB-70D280856F1E}.Debug|Any CPU.Build.0 = Debug|Any CPU
		{07DB8B31-FB27-4CFF-99EB-70D280856F1E}.Release|Any CPU.ActiveCfg = Release|Any CPU
		{07DB8B31-FB27-4CFF-99EB-70D280856F1E}.Release|Any CPU.Build.0 = Release|Any CPU
		{82F1EF1A-FD9E-4775-8314-18B0B6ECE560}.Debug|Any CPU.ActiveCfg = Debug|Any CPU
		{82F1EF1A-FD9E-4775-8314-18B0B6ECE560}.Debug|Any CPU.Build.0 = Debug|Any CPU
		{82F1EF1A-FD9E-4775-8314-18B0B6ECE560}.Release|Any CPU.ActiveCfg = Release|Any CPU
		{82F1EF1A-FD9E-4775-8314-18B0B6ECE560}.Release|Any CPU.Build.0 = Release|Any CPU
		{751D52E1-0D84-4BA3-9810-94F43326BA9C}.Debug|Any CPU.ActiveCfg = Debug|Any CPU
		{751D52E1-0D84-4BA3-9810-94F43326BA9C}.Debug|Any CPU.Build.0 = Debug|Any CPU
		{751D52E1-0D84-4BA3-9810-94F43326BA9C}.Release|Any CPU.ActiveCfg = Release|Any CPU
		{751D52E1-0D84-4BA3-9810-94F43326BA9C}.Release|Any CPU.Build.0 = Release|Any CPU
		{259623EA-6BC1-4EA2-84B8-BB0ADDC6B742}.Debug|Any CPU.ActiveCfg = Debug|Any CPU
		{259623EA-6BC1-4EA2-84B8-BB0ADDC6B742}.Debug|Any CPU.Build.0 = Debug|Any CPU
		{259623EA-6BC1-4EA2-84B8-BB0ADDC6B742}.Release|Any CPU.ActiveCfg = Release|Any CPU
		{259623EA-6BC1-4EA2-84B8-BB0ADDC6B742}.Release|Any CPU.Build.0 = Release|Any CPU
	EndGlobalSection
	GlobalSection(SolutionProperties) = preSolution
		HideSolutionNode = FALSE
	EndGlobalSection
	GlobalSection(ExtensibilityGlobals) = postSolution
		SolutionGuid = {5EC4E61F-3568-4154-8732-1E188A2DCD05}
	EndGlobalSection
EndGlobal
